
Microsoft Visual Studio Solution File, Format Version 12.00
# Visual Studio Version 17
VisualStudioVersion = 17.14.36518.9 d17.14
MinimumVisualStudioVersion = 10.0.40219.1
Project("{FAE04EC0-301F-11D3-BF4B-00C04F79EFBC}") = "Serial", "Serial\Serial.csproj", "{E7F25F13-36A7-4E02-BEA9-860678E29B74}"
EndProject
Global
	GlobalSection(SolutionConfigurationPlatforms) = preSolution
		Debug|Any CPU = Debug|Any CPU
		Release|Any CPU = Release|Any CPU
	EndGlobalSection
	GlobalSection(ProjectConfigurationPlatforms) = postSolution
		{E7F25F13-36A7-4E02-BEA9-860678E29B74}.Debug|Any CPU.ActiveCfg = Debug|Any CPU
		{E7F25F13-36A7-4E02-BEA9-860678E29B74}.Debug|Any CPU.Build.0 = Debug|Any CPU
		{E7F25F13-36A7-4E02-BEA9-860678E29B74}.Release|Any CPU.ActiveCfg = Release|Any CPU
		{E7F25F13-36A7-4E02-BEA9-860678E29B74}.Release|Any CPU.Build.0 = Release|Any CPU
	EndGlobalSection
	GlobalSection(SolutionProperties) = preSolution
		HideSolutionNode = FALSE
	EndGlobalSection
	GlobalSection(ExtensibilityGlobals) = postSolution
		SolutionGuid = {981826BE-E755-4B84-8409-61918C49CC11}
	EndGlobalSection
EndGlobal
